
Microsoft Visual Studio Solution File, Format Version 12.00
# Visual Studio Version 17
VisualStudioVersion = 17.8.34525.116
MinimumVisualStudioVersion = 10.0.40219.1
Project("{FAE04EC0-301F-11D3-BF4B-00C04F79EFBC}") = "OOP_1", "OOP_1\OOP_1.csproj", "{AE3454EC-A351-4EB5-80FD-215B18697BC0}"
EndProject
Global
	GlobalSection(SolutionConfigurationPlatforms) = preSolution
		Debug|Any CPU = Debug|Any CPU
		Release|Any CPU = Release|Any CPU
	EndGlobalSection
	GlobalSection(ProjectConfigurationPlatforms) = postSolution
		{AE3454EC-A351-4EB5-80FD-215B18697BC0}.Debug|Any CPU.ActiveCfg = Debug|Any CPU
		{AE3454EC-A351-4EB5-80FD-215B18697BC0}.Debug|Any CPU.Build.0 = Debug|Any CPU
		{AE3454EC-A351-4EB5-80FD-215B18697BC0}.Release|Any CPU.ActiveCfg = Release|Any CPU
		{AE3454EC-A351-4EB5-80FD-215B18697BC0}.Release|Any CPU.Build.0 = Release|Any CPU
	EndGlobalSection
	GlobalSection(SolutionProperties) = preSolution
		HideSolutionNode = FALSE
	EndGlobalSection
	GlobalSection(ExtensibilityGlobals) = postSolution
		SolutionGuid = {6EFE568F-5162-4FAA-961F-5A259AAF8D4F}
	EndGlobalSection
EndGlobal
